
Microsoft Visual Studio Solution File, Format Version 12.00
# Visual Studio Version 17
VisualStudioVersion = 17.0.31903.59
MinimumVisualStudioVersion = 10.0.40219.1
Project("{9A19103F-16F7-4668-BE54-9A1E7A4F7556}") = "Car Raicing", "Car Raicing\Car Raicing.csproj", "{8A579390-B4EA-487F-8EC6-9B8D9134B171}"
EndProject
Project("{FAE04EC0-301F-11D3-BF4B-00C04F79EFBC}") = "CarTests", "CarTests\CarTests.csproj", "{A250F732-8F34-4B77-864D-AFDAF08E750F}"
EndProject
Global
	GlobalSection(SolutionConfigurationPlatforms) = preSolution
		Debug|Any CPU = Debug|Any CPU
		Release|Any CPU = Release|Any CPU
	EndGlobalSection
	GlobalSection(ProjectConfigurationPlatforms) = postSolution
		{8A579390-B4EA-487F-8EC6-9B8D9134B171}.Debug|Any CPU.ActiveCfg = Debug|Any CPU
		{8A579390-B4EA-487F-8EC6-9B8D9134B171}.Debug|Any CPU.Build.0 = Debug|Any CPU
		{8A579390-B4EA-487F-8EC6-9B8D9134B171}.Release|Any CPU.ActiveCfg = Release|Any CPU
		{8A579390-B4EA-487F-8EC6-9B8D9134B171}.Release|Any CPU.Build.0 = Release|Any CPU
		{A250F732-8F34-4B77-864D-AFDAF08E750F}.Debug|Any CPU.ActiveCfg = Debug|Any CPU
		{A250F732-8F34-4B77-864D-AFDAF08E750F}.Debug|Any CPU.Build.0 = Debug|Any CPU
		{A250F732-8F34-4B77-864D-AFDAF08E750F}.Release|Any CPU.ActiveCfg = Release|Any CPU
		{A250F732-8F34-4B77-864D-AFDAF08E750F}.Release|Any CPU.Build.0 = Release|Any CPU
	EndGlobalSection
	GlobalSection(SolutionProperties) = preSolution
		HideSolutionNode = FALSE
	EndGlobalSection
	GlobalSection(ExtensibilityGlobals) = postSolution
		SolutionGuid = {E2814474-6302-4292-B002-801D81690971}
	EndGlobalSection
EndGlobal
